
Microsoft Visual Studio Solution File, Format Version 12.00
# Visual Studio Version 17
VisualStudioVersion = 17.7.34009.444
MinimumVisualStudioVersion = 10.0.40219.1
Project("{FAE04EC0-301F-11D3-BF4B-00C04F79EFBC}") = "OOGeometricShapes", "OOGeometricShapes\OOGeometricShapes.csproj", "{9EF98221-7CE6-43AC-965E-358E7A815C3D}"
EndProject
Global
	GlobalSection(SolutionConfigurationPlatforms) = preSolution
		Debug|Any CPU = Debug|Any CPU
		Release|Any CPU = Release|Any CPU
	EndGlobalSection
	GlobalSection(ProjectConfigurationPlatforms) = postSolution
		{9EF98221-7CE6-43AC-965E-358E7A815C3D}.Debug|Any CPU.ActiveCfg = Debug|Any CPU
		{9EF98221-7CE6-43AC-965E-358E7A815C3D}.Debug|Any CPU.Build.0 = Debug|Any CPU
		{9EF98221-7CE6-43AC-965E-358E7A815C3D}.Release|Any CPU.ActiveCfg = Release|Any CPU
		{9EF98221-7CE6-43AC-965E-358E7A815C3D}.Release|Any CPU.Build.0 = Release|Any CPU
	EndGlobalSection
	GlobalSection(SolutionProperties) = preSolution
		HideSolutionNode = FALSE
	EndGlobalSection
	GlobalSection(ExtensibilityGlobals) = postSolution
		SolutionGuid = {6E13848B-63B9-461C-B4A2-72875D7FF39B}
	EndGlobalSection
EndGlobal
